
Microsoft Visual Studio Solution File, Format Version 12.00
# Visual Studio 15
VisualStudioVersion = 15.0.27428.2011
MinimumVisualStudioVersion = 10.0.40219.1
Project("{FAE04EC0-301F-11D3-BF4B-00C04F79EFBC}") = "CreateSimpleTreeViewByXAML", "CreateSimpleTreeViewByXAML\CreateSimpleTreeViewByXAML.csproj", "{E969DBCD-0FDC-4D19-BA94-190E6D27339C}"
EndProject
Project("{2150E333-8FDC-42A3-9474-1A3956D46DE8}") = "TreeView", "TreeView", "{470EA281-6C99-4D48-991C-BB25BFE821BD}"
EndProject
Project("{FAE04EC0-301F-11D3-BF4B-00C04F79EFBC}") = "CreateSimpleTreeViewByCodeCSharp", "CreateSimpleTreeViewByCodeCSharp\CreateSimpleTreeViewByCodeCSharp.csproj", "{E486C969-1F5F-4754-9233-AE6F8109C840}"
EndProject
Project("{FAE04EC0-301F-11D3-BF4B-00C04F79EFBC}") = "TreeViewWithSelectionEnabled", "TreeViewWithSelectionEnabled\TreeViewWithSelectionEnabled.csproj", "{7997A00D-9210-4843-B09D-0AC24D75C90A}"
EndProject
Project("{FAE04EC0-301F-11D3-BF4B-00C04F79EFBC}") = "PicturesAndMusicLibraryTreeView", "PicturesAndMusicLibraryTreeView\PicturesAndMusicLibraryTreeView.csproj", "{FCB03855-E5FB-40E1-9176-0A2702CA6A8B}"
EndProject
Project("{2150E333-8FDC-42A3-9474-1A3956D46DE8}") = "PullToRefresh", "PullToRefresh", "{97BE12E2-4E7C-48ED-8983-0274867B20A1}"
EndProject
Project("{FAE04EC0-301F-11D3-BF4B-00C04F79EFBC}") = "PullRefreshOnListView", "PullRefreshOnListView\PullRefreshOnListView.csproj", "{4FB0F4EB-C573-424E-A978-0ABE39EFA904}"
EndProject
Project("{2150E333-8FDC-42A3-9474-1A3956D46DE8}") = "ContentLinks", "ContentLinks", "{30C47352-8DC6-426F-AF8E-07D677626270}"
EndProject
Project("{FAE04EC0-301F-11D3-BF4B-00C04F79EFBC}") = "SimpleRichEditBoxContentContactAndPlace", "SimpleRichEditBoxContentContactAndPlace\SimpleRichEditBoxContentContactAndPlace.csproj", "{F95263A0-2881-462F-A43B-F43B9B1E551E}"
EndProject
Project("{FAE04EC0-301F-11D3-BF4B-00C04F79EFBC}") = "PullRefreshOnScrollView", "PullRefreshOnScrollView\PullRefreshOnScrollView.csproj", "{9381504D-9390-4438-9B57-D0559BF33ED5}"
EndProject
Global
	GlobalSection(SolutionConfigurationPlatforms) = preSolution
		Debug|ARM = Debug|ARM
		Debug|x64 = Debug|x64
		Debug|x86 = Debug|x86
		Release|ARM = Release|ARM
		Release|x64 = Release|x64
		Release|x86 = Release|x86
	EndGlobalSection
	GlobalSection(ProjectConfigurationPlatforms) = postSolution
		{E969DBCD-0FDC-4D19-BA94-190E6D27339C}.Debug|ARM.ActiveCfg = Debug|ARM
		{E969DBCD-0FDC-4D19-BA94-190E6D27339C}.Debug|ARM.Build.0 = Debug|ARM
		{E969DBCD-0FDC-4D19-BA94-190E6D27339C}.Debug|ARM.Deploy.0 = Debug|ARM
		{E969DBCD-0FDC-4D19-BA94-190E6D27339C}.Debug|x64.ActiveCfg = Debug|x64
		{E969DBCD-0FDC-4D19-BA94-190E6D27339C}.Debug|x64.Build.0 = Debug|x64
		{E969DBCD-0FDC-4D19-BA94-190E6D27339C}.Debug|x64.Deploy.0 = Debug|x64
		{E969DBCD-0FDC-4D19-BA94-190E6D27339C}.Debug|x86.ActiveCfg = Debug|x86
		{E969DBCD-0FDC-4D19-BA94-190E6D27339C}.Debug|x86.Build.0 = Debug|x86
		{E969DBCD-0FDC-4D19-BA94-190E6D27339C}.Debug|x86.Deploy.0 = Debug|x86
		{E969DBCD-0FDC-4D19-BA94-190E6D27339C}.Release|ARM.ActiveCfg = Release|ARM
		{E969DBCD-0FDC-4D19-BA94-190E6D27339C}.Release|ARM.Build.0 = Release|ARM
		{E969DBCD-0FDC-4D19-BA94-190E6D27339C}.Release|ARM.Deploy.0 = Release|ARM
		{E969DBCD-0FDC-4D19-BA94-190E6D27339C}.Release|x64.ActiveCfg = Release|x64
		{E969DBCD-0FDC-4D19-BA94-190E6D27339C}.Release|x64.Build.0 = Release|x64
		{E969DBCD-0FDC-4D19-BA94-190E6D27339C}.Release|x64.Deploy.0 = Release|x64
		{E969DBCD-0FDC-4D19-BA94-190E6D27339C}.Release|x86.ActiveCfg = Release|x86
		{E969DBCD-0FDC-4D19-BA94-190E6D27339C}.Release|x86.Build.0 = Release|x86
		{E969DBCD-0FDC-4D19-BA94-190E6D27339C}.Release|x86.Deploy.0 = Release|x86
		{E486C969-1F5F-4754-9233-AE6F8109C840}.Debug|ARM.ActiveCfg = Debug|ARM
		{E486C969-1F5F-4754-9233-AE6F8109C840}.Debug|ARM.Build.0 = Debug|ARM
		{E486C969-1F5F-4754-9233-AE6F8109C840}.Debug|ARM.Deploy.0 = Debug|ARM
		{E486C969-1F5F-4754-9233-AE6F8109C840}.Debug|x64.ActiveCfg = Debug|x64
		{E486C969-1F5F-4754-9233-AE6F8109C840}.Debug|x64.Build.0 = Debug|x64
		{E486C969-1F5F-4754-9233-AE6F8109C840}.Debug|x64.Deploy.0 = Debug|x64
		{E486C969-1F5F-4754-9233-AE6F8109C840}.Debug|x86.ActiveCfg = Debug|x86
		{E486C969-1F5F-4754-9233-AE6F8109C840}.Debug|x86.Build.0 = Debug|x86
		{E486C969-1F5F-4754-9233-AE6F8109C840}.Debug|x86.Deploy.0 = Debug|x86
		{E486C969-1F5F-4754-9233-AE6F8109C840}.Release|ARM.ActiveCfg = Release|ARM
		{E486C969-1F5F-4754-9233-AE6F8109C840}.Release|ARM.Build.0 = Release|ARM
		{E486C969-1F5F-4754-9233-AE6F8109C840}.Release|ARM.Deploy.0 = Release|ARM
		{E486C969-1F5F-4754-9233-AE6F8109C840}.Release|x64.ActiveCfg = Release|x64
		{E486C969-1F5F-4754-9233-AE6F8109C840}.Release|x64.Build.0 = Release|x64
		{E486C969-1F5F-4754-9233-AE6F8109C840}.Release|x64.Deploy.0 = Release|x64
		{E486C969-1F5F-4754-9233-AE6F8109C840}.Release|x86.ActiveCfg = Release|x86
		{E486C969-1F5F-4754-9233-AE6F8109C840}.Release|x86.Build.0 = Release|x86
		{E486C969-1F5F-4754-9233-AE6F8109C840}.Release|x86.Deploy.0 = Release|x86
		{7997A00D-9210-4843-B09D-0AC24D75C90A}.Debug|ARM.ActiveCfg = Debug|ARM
		{7997A00D-9210-4843-B09D-0AC24D75C90A}.Debug|ARM.Build.0 = Debug|ARM
		{7997A00D-9210-4843-B09D-0AC24D75C90A}.Debug|ARM.Deploy.0 = Debug|ARM
		{7997A00D-9210-4843-B09D-0AC24D75C90A}.Debug|x64.ActiveCfg = Debug|x64
		{7997A00D-9210-4843-B09D-0AC24D75C90A}.Debug|x64.Build.0 = Debug|x64
		{7997A00D-9210-4843-B09D-0AC24D75C90A}.Debug|x64.Deploy.0 = Debug|x64
		{7997A00D-9210-4843-B09D-0AC24D75C90A}.Debug|x86.ActiveCfg = Debug|x86
		{7997A00D-9210-4843-B09D-0AC24D75C90A}.Debug|x86.Build.0 = Debug|x86
		{7997A00D-9210-4843-B09D-0AC24D75C90A}.Debug|x86.Deploy.0 = Debug|x86
		{7997A00D-9210-4843-B09D-0AC24D75C90A}.Release|ARM.ActiveCfg = Release|ARM
		{7997A00D-9210-4843-B09D-0AC24D75C90A}.Release|ARM.Build.0 = Release|ARM
		{7997A00D-9210-4843-B09D-0AC24D75C90A}.Release|ARM.Deploy.0 = Release|ARM
		{7997A00D-9210-4843-B09D-0AC24D75C90A}.Release|x64.ActiveCfg = Release|x64
		{7997A00D-9210-4843-B09D-0AC24D75C90A}.Release|x64.Build.0 = Release|x64
		{7997A00D-9210-4843-B09D-0AC24D75C90A}.Release|x64.Deploy.0 = Release|x64
		{7997A00D-9210-4843-B09D-0AC24D75C90A}.Release|x86.ActiveCfg = Release|x86
		{7997A00D-9210-4843-B09D-0AC24D75C90A}.Release|x86.Build.0 = Release|x86
		{7997A00D-9210-4843-B09D-0AC24D75C90A}.Release|x86.Deploy.0 = Release|x86
		{FCB03855-E5FB-40E1-9176-0A2702CA6A8B}.Debug|ARM.ActiveCfg = Debug|ARM
		{FCB03855-E5FB-40E1-9176-0A2702CA6A8B}.Debug|ARM.Build.0 = Debug|ARM
		{FCB03855-E5FB-40E1-9176-0A2702CA6A8B}.Debug|ARM.Deploy.0 = Debug|ARM
		{FCB03855-E5FB-40E1-9176-0A2702CA6A8B}.Debug|x64.ActiveCfg = Debug|x64
		{FCB03855-E5FB-40E1-9176-0A2702CA6A8B}.Debug|x64.Build.0 = Debug|x64
		{FCB03855-E5FB-40E1-9176-0A2702CA6A8B}.Debug|x64.Deploy.0 = Debug|x64
		{FCB03855-E5FB-40E1-9176-0A2702CA6A8B}.Debug|x86.ActiveCfg = Debug|x86
		{FCB03855-E5FB-40E1-9176-0A2702CA6A8B}.Debug|x86.Build.0 = Debug|x86
		{FCB03855-E5FB-40E1-9176-0A2702CA6A8B}.Debug|x86.Deploy.0 = Debug|x86
		{FCB03855-E5FB-40E1-9176-0A2702CA6A8B}.Release|ARM.ActiveCfg = Release|ARM
		{FCB03855-E5FB-40E1-9176-0A2702CA6A8B}.Release|ARM.Build.0 = Release|ARM
		{FCB03855-E5FB-40E1-9176-0A2702CA6A8B}.Release|ARM.Deploy.0 = Release|ARM
		{FCB03855-E5FB-40E1-9176-0A2702CA6A8B}.Release|x64.ActiveCfg = Release|x64
		{FCB03855-E5FB-40E1-9176-0A2702CA6A8B}.Release|x64.Build.0 = Release|x64
		{FCB03855-E5FB-40E1-9176-0A2702CA6A8B}.Release|x64.Deploy.0 = Release|x64
		{FCB03855-E5FB-40E1-9176-0A2702CA6A8B}.Release|x86.ActiveCfg = Release|x86
		{FCB03855-E5FB-40E1-9176-0A2702CA6A8B}.Release|x86.Build.0 = Release|x86
		{FCB03855-E5FB-40E1-9176-0A2702CA6A8B}.Release|x86.Deploy.0 = Release|x86
		{4FB0F4EB-C573-424E-A978-0ABE39EFA904}.Debug|ARM.ActiveCfg = Debug|ARM
		{4FB0F4EB-C573-424E-A978-0ABE39EFA904}.Debug|ARM.Build.0 = Debug|ARM
		{4FB0F4EB-C573-424E-A978-0ABE39EFA904}.Debug|ARM.Deploy.0 = Debug|ARM
		{4FB0F4EB-C573-424E-A978-0ABE39EFA904}.Debug|x64.ActiveCfg = Debug|x64
		{4FB0F4EB-C573-424E-A978-0ABE39EFA904}.Debug|x64.Build.0 = Debug|x64
		{4FB0F4EB-C573-424E-A978-0ABE39EFA904}.Debug|x64.Deploy.0 = Debug|x64
		{4FB0F4EB-C573-424E-A978-0ABE39EFA904}.Debug|x86.ActiveCfg = Debug|x86
		{4FB0F4EB-C573-424E-A978-0ABE39EFA904}.Debug|x86.Build.0 = Debug|x86
		{4FB0F4EB-C573-424E-A978-0ABE39EFA904}.Debug|x86.Deploy.0 = Debug|x86
		{4FB0F4EB-C573-424E-A978-0ABE39EFA904}.Release|ARM.ActiveCfg = Release|ARM
		{4FB0F4EB-C573-424E-A978-0ABE39EFA904}.Release|ARM.Build.0 = Release|ARM
		{4FB0F4EB-C573-424E-A978-0ABE39EFA904}.Release|ARM.Deploy.0 = Release|ARM
		{4FB0F4EB-C573-424E-A978-0ABE39EFA904}.Release|x64.ActiveCfg = Release|x64
		{4FB0F4EB-C573-424E-A978-0ABE39EFA904}.Release|x64.Build.0 = Release|x64
		{4FB0F4EB-C573-424E-A978-0ABE39EFA904}.Release|x64.Deploy.0 = Release|x64
		{4FB0F4EB-C573-424E-A978-0ABE39EFA904}.Release|x86.ActiveCfg = Release|x86
		{4FB0F4EB-C573-424E-A978-0ABE39EFA904}.Release|x86.Build.0 = Release|x86
		{4FB0F4EB-C573-424E-A978-0ABE39EFA904}.Release|x86.Deploy.0 = Release|x86
		{F95263A0-2881-462F-A43B-F43B9B1E551E}.Debug|ARM.ActiveCfg = Debug|ARM
		{F95263A0-2881-462F-A43B-F43B9B1E551E}.Debug|ARM.Build.0 = Debug|ARM
		{F95263A0-2881-462F-A43B-F43B9B1E551E}.Debug|ARM.Deploy.0 = Debug|ARM
		{F95263A0-2881-462F-A43B-F43B9B1E551E}.Debug|x64.ActiveCfg = Debug|x64
		{F95263A0-2881-462F-A43B-F43B9B1E551E}.Debug|x64.Build.0 = Debug|x64
		{F95263A0-2881-462F-A43B-F43B9B1E551E}.Debug|x64.Deploy.0 = Debug|x64
		{F95263A0-2881-462F-A43B-F43B9B1E551E}.Debug|x86.ActiveCfg = Debug|x86
		{F95263A0-2881-462F-A43B-F43B9B1E551E}.Debug|x86.Build.0 = Debug|x86
		{F95263A0-2881-462F-A43B-F43B9B1E551E}.Debug|x86.Deploy.0 = Debug|x86
		{F95263A0-2881-462F-A43B-F43B9B1E551E}.Release|ARM.ActiveCfg = Release|ARM
		{F95263A0-2881-462F-A43B-F43B9B1E551E}.Release|ARM.Build.0 = Release|ARM
		{F95263A0-2881-462F-A43B-F43B9B1E551E}.Release|ARM.Deploy.0 = Release|ARM
		{F95263A0-2881-462F-A43B-F43B9B1E551E}.Release|x64.ActiveCfg = Release|x64
		{F95263A0-2881-462F-A43B-F43B9B1E551E}.Release|x64.Build.0 = Release|x64
		{F95263A0-2881-462F-A43B-F43B9B1E551E}.Release|x64.Deploy.0 = Release|x64
		{F95263A0-2881-462F-A43B-F43B9B1E551E}.Release|x86.ActiveCfg = Release|x86
		{F95263A0-2881-462F-A43B-F43B9B1E551E}.Release|x86.Build.0 = Release|x86
		{F95263A0-2881-462F-A43B-F43B9B1E551E}.Release|x86.Deploy.0 = Release|x86
		{9381504D-9390-4438-9B57-D0559BF33ED5}.Debug|ARM.ActiveCfg = Debug|ARM
		{9381504D-9390-4438-9B57-D0559BF33ED5}.Debug|ARM.Build.0 = Debug|ARM
		{9381504D-9390-4438-9B57-D0559BF33ED5}.Debug|ARM.Deploy.0 = Debug|ARM
		{9381504D-9390-4438-9B57-D0559BF33ED5}.Debug|x64.ActiveCfg = Debug|x64
		{9381504D-9390-4438-9B57-D0559BF33ED5}.Debug|x64.Build.0 = Debug|x64
		{9381504D-9390-4438-9B57-D0559BF33ED5}.Debug|x64.Deploy.0 = Debug|x64
		{9381504D-9390-4438-9B57-D0559BF33ED5}.Debug|x86.ActiveCfg = Debug|x86
		{9381504D-9390-4438-9B57-D0559BF33ED5}.Debug|x86.Build.0 = Debug|x86
		{9381504D-9390-4438-9B57-D0559BF33ED5}.Debug|x86.Deploy.0 = Debug|x86
		{9381504D-9390-4438-9B57-D0559BF33ED5}.Release|ARM.ActiveCfg = Release|ARM
		{9381504D-9390-4438-9B57-D0559BF33ED5}.Release|ARM.Build.0 = Release|ARM
		{9381504D-9390-4438-9B57-D0559BF33ED5}.Release|ARM.Deploy.0 = Release|ARM
		{9381504D-9390-4438-9B57-D0559BF33ED5}.Release|x64.ActiveCfg = Release|x64
		{9381504D-9390-4438-9B57-D0559BF33ED5}.Release|x64.Build.0 = Release|x64
		{9381504D-9390-4438-9B57-D0559BF33ED5}.Release|x64.Deploy.0 = Release|x64
		{9381504D-9390-4438-9B57-D0559BF33ED5}.Release|x86.ActiveCfg = Release|x86
		{9381504D-9390-4438-9B57-D0559BF33ED5}.Release|x86.Build.0 = Release|x86
		{9381504D-9390-4438-9B57-D0559BF33ED5}.Release|x86.Deploy.0 = Release|x86
	EndGlobalSection
	GlobalSection(SolutionProperties) = preSolution
		HideSolutionNode = FALSE
	EndGlobalSection
	GlobalSection(NestedProjects) = preSolution
		{E969DBCD-0FDC-4D19-BA94-190E6D27339C} = {470EA281-6C99-4D48-991C-BB25BFE821BD}
		{E486C969-1F5F-4754-9233-AE6F8109C840} = {470EA281-6C99-4D48-991C-BB25BFE821BD}
		{7997A00D-9210-4843-B09D-0AC24D75C90A} = {470EA281-6C99-4D48-991C-BB25BFE821BD}
		{FCB03855-E5FB-40E1-9176-0A2702CA6A8B} = {470EA281-6C99-4D48-991C-BB25BFE821BD}
		{4FB0F4EB-C573-424E-A978-0ABE39EFA904} = {97BE12E2-4E7C-48ED-8983-0274867B20A1}
		{F95263A0-2881-462F-A43B-F43B9B1E551E} = {30C47352-8DC6-426F-AF8E-07D677626270}
		{9381504D-9390-4438-9B57-D0559BF33ED5} = {97BE12E2-4E7C-48ED-8983-0274867B20A1}
	EndGlobalSection
	GlobalSection(ExtensibilityGlobals) = postSolution
		SolutionGuid = {53CD199F-46FC-46A6-B61B-EE0D9270EEEC}
	EndGlobalSection
EndGlobal
